
Microsoft Visual Studio Solution File, Format Version 12.00
# Visual Studio 15
VisualStudioVersion = 15.0.26430.12
MinimumVisualStudioVersion = 10.0.40219.1
Project("{FAE04EC0-301F-11D3-BF4B-00C04F79EFBC}") = "TestAgent", "TestAgent\TestAgent.csproj", "{EAB7FB18-C1BA-41C4-92D3-2DD6C52F1D71}"
EndProject
Project("{FAE04EC0-301F-11D3-BF4B-00C04F79EFBC}") = "TestTester", "TestTester\TestTester.csproj", "{0771E29B-9279-4037-8D13-66CEDA7E36E2}"
EndProject
Project("{FAE04EC0-301F-11D3-BF4B-00C04F79EFBC}") = "TestCommon", "TestCommon\TestCommon.csproj", "{37A971B7-3518-4B81-B3DA-DD50F02EC97B}"
EndProject
Project("{FAE04EC0-301F-11D3-BF4B-00C04F79EFBC}") = "TestWeb", "TestWeb\TestWeb.csproj", "{FAF28550-F3EF-402C-BC06-41CD6B30186B}"
EndProject
Project("{FAE04EC0-301F-11D3-BF4B-00C04F79EFBC}") = "TestService", "TestService\TestService.csproj", "{0AE884AC-3D47-424F-8835-22E36443AFF0}"
EndProject
Global
	GlobalSection(SolutionConfigurationPlatforms) = preSolution
		Debug|Any CPU = Debug|Any CPU
		Release|Any CPU = Release|Any CPU
	EndGlobalSection
	GlobalSection(ProjectConfigurationPlatforms) = postSolution
		{EAB7FB18-C1BA-41C4-92D3-2DD6C52F1D71}.Debug|Any CPU.ActiveCfg = Debug|Any CPU
		{EAB7FB18-C1BA-41C4-92D3-2DD6C52F1D71}.Debug|Any CPU.Build.0 = Debug|Any CPU
		{EAB7FB18-C1BA-41C4-92D3-2DD6C52F1D71}.Release|Any CPU.ActiveCfg = Release|Any CPU
		{EAB7FB18-C1BA-41C4-92D3-2DD6C52F1D71}.Release|Any CPU.Build.0 = Release|Any CPU
		{0771E29B-9279-4037-8D13-66CEDA7E36E2}.Debug|Any CPU.ActiveCfg = Debug|Any CPU
		{0771E29B-9279-4037-8D13-66CEDA7E36E2}.Debug|Any CPU.Build.0 = Debug|Any CPU
		{0771E29B-9279-4037-8D13-66CEDA7E36E2}.Release|Any CPU.ActiveCfg = Release|Any CPU
		{0771E29B-9279-4037-8D13-66CEDA7E36E2}.Release|Any CPU.Build.0 = Release|Any CPU
		{37A971B7-3518-4B81-B3DA-DD50F02EC97B}.Debug|Any CPU.ActiveCfg = Debug|Any CPU
		{37A971B7-3518-4B81-B3DA-DD50F02EC97B}.Debug|Any CPU.Build.0 = Debug|Any CPU
		{37A971B7-3518-4B81-B3DA-DD50F02EC97B}.Release|Any CPU.ActiveCfg = Release|Any CPU
		{37A971B7-3518-4B81-B3DA-DD50F02EC97B}.Release|Any CPU.Build.0 = Release|Any CPU
		{FAF28550-F3EF-402C-BC06-41CD6B30186B}.Debug|Any CPU.ActiveCfg = Debug|Any CPU
		{FAF28550-F3EF-402C-BC06-41CD6B30186B}.Debug|Any CPU.Build.0 = Debug|Any CPU
		{FAF28550-F3EF-402C-BC06-41CD6B30186B}.Release|Any CPU.ActiveCfg = Release|Any CPU
		{FAF28550-F3EF-402C-BC06-41CD6B30186B}.Release|Any CPU.Build.0 = Release|Any CPU
		{0AE884AC-3D47-424F-8835-22E36443AFF0}.Debug|Any CPU.ActiveCfg = Debug|Any CPU
		{0AE884AC-3D47-424F-8835-22E36443AFF0}.Debug|Any CPU.Build.0 = Debug|Any CPU
		{0AE884AC-3D47-424F-8835-22E36443AFF0}.Release|Any CPU.ActiveCfg = Release|Any CPU
		{0AE884AC-3D47-424F-8835-22E36443AFF0}.Release|Any CPU.Build.0 = Release|Any CPU
	EndGlobalSection
	GlobalSection(SolutionProperties) = preSolution
		HideSolutionNode = FALSE
	EndGlobalSection
EndGlobal
